
Microsoft Visual Studio Solution File, Format Version 12.00
# Visual Studio Version 16
VisualStudioVersion = 16.0.29306.81
MinimumVisualStudioVersion = 10.0.40219.1
Project("{FAE04EC0-301F-11D3-BF4B-00C04F79EFBC}") = "EmbeddingTexture", "EmbeddingTexture\EmbeddingTexture.csproj", "{99353C49-B279-4685-8847-8D61E2DA6406}"
EndProject
Global
	GlobalSection(SolutionConfigurationPlatforms) = preSolution
		Debug|Any CPU = Debug|Any CPU
		Release|Any CPU = Release|Any CPU
	EndGlobalSection
	GlobalSection(ProjectConfigurationPlatforms) = postSolution
		{99353C49-B279-4685-8847-8D61E2DA6406}.Debug|Any CPU.ActiveCfg = Debug|Any CPU
		{99353C49-B279-4685-8847-8D61E2DA6406}.Debug|Any CPU.Build.0 = Debug|Any CPU
		{99353C49-B279-4685-8847-8D61E2DA6406}.Release|Any CPU.ActiveCfg = Release|Any CPU
		{99353C49-B279-4685-8847-8D61E2DA6406}.Release|Any CPU.Build.0 = Release|Any CPU
	EndGlobalSection
	GlobalSection(SolutionProperties) = preSolution
		HideSolutionNode = FALSE
	EndGlobalSection
	GlobalSection(ExtensibilityGlobals) = postSolution
		SolutionGuid = {DCD9D455-3B91-48FC-B198-02550A1187B3}
	EndGlobalSection
EndGlobal
