
Microsoft Visual Studio Solution File, Format Version 12.00
# Visual Studio Version 16
VisualStudioVersion = 16.0.30225.117
MinimumVisualStudioVersion = 10.0.40219.1
Project("{FAE04EC0-301F-11D3-BF4B-00C04F79EFBC}") = "ConvolutionTexture", "ConvolutionTexture\ConvolutionTexture.csproj", "{BC93552D-E8DC-45CE-89BD-654F49FFD7FB}"
EndProject
Global
	GlobalSection(SolutionConfigurationPlatforms) = preSolution
		Debug|Any CPU = Debug|Any CPU
		Release|Any CPU = Release|Any CPU
	EndGlobalSection
	GlobalSection(ProjectConfigurationPlatforms) = postSolution
		{BC93552D-E8DC-45CE-89BD-654F49FFD7FB}.Debug|Any CPU.ActiveCfg = Debug|Any CPU
		{BC93552D-E8DC-45CE-89BD-654F49FFD7FB}.Debug|Any CPU.Build.0 = Debug|Any CPU
		{BC93552D-E8DC-45CE-89BD-654F49FFD7FB}.Release|Any CPU.ActiveCfg = Release|Any CPU
		{BC93552D-E8DC-45CE-89BD-654F49FFD7FB}.Release|Any CPU.Build.0 = Release|Any CPU
	EndGlobalSection
	GlobalSection(SolutionProperties) = preSolution
		HideSolutionNode = FALSE
	EndGlobalSection
	GlobalSection(ExtensibilityGlobals) = postSolution
		SolutionGuid = {97202DE7-4433-4251-967B-9F59B6F7424D}
	EndGlobalSection
EndGlobal
